// !$*UTF8*$!
{
	archiveVersion = 1;
	classes = {
	};
	objectVersion = 77;
	objects = {

/* Begin PBXBuildFile section */
		D31146002E3201020077453D /* SDWebImage in Frameworks */ = {isa = PBXBuildFile; productRef = D31145FF2E3201020077453D /* SDWebImage */; };
		D3F8B1E02E32799700BCD0C1 /* SnapKit in Frameworks */ = {isa = PBXBuildFile; productRef = D3F8B1DF2E32799700BCD0C1 /* SnapKit */; };
/* End PBXBuildFile section */

/* Begin PBXContainerItemProxy section */
		D31145CB2E30DA720077453D /* PBXContainerItemProxy */ = {
			isa = PBXContainerItemProxy;
			containerPortal = D31145A82E30DA700077453D /* Project object */;
			proxyType = 1;
			remoteGlobalIDString = D31145AF2E30DA700077453D;
			remoteInfo = MCDTask;
		};
		D31145D52E30DA720077453D /* PBXContainerItemProxy */ = {
			isa = PBXContainerItemProxy;
			containerPortal = D31145A82E30DA700077453D /* Project object */;
			proxyType = 1;
			remoteGlobalIDString = D31145AF2E30DA700077453D;
			remoteInfo = MCDTask;
		};
/* End PBXContainerItemProxy section */

/* Begin PBXFileReference section */
		D31145B02E30DA700077453D /* MCDTask.app */ = {isa = PBXFileReference; explicitFileType = wrapper.application; includeInIndex = 0; path = MCDTask.app; sourceTree = BUILT_PRODUCTS_DIR; };
		D31145CA2E30DA720077453D /* MCDTaskTests.xctest */ = {isa = PBXFileReference; explicitFileType = wrapper.cfbundle; includeInIndex = 0; path = MCDTaskTests.xctest; sourceTree = BUILT_PRODUCTS_DIR; };
		D31145D42E30DA720077453D /* MCDTaskUITests.xctest */ = {isa = PBXFileReference; explicitFileType = wrapper.cfbundle; includeInIndex = 0; path = MCDTaskUITests.xctest; sourceTree = BUILT_PRODUCTS_DIR; };
/* End PBXFileReference section */

/* Begin PBXFileSystemSynchronizedBuildFileExceptionSet section */
		D31145DC2E30DA720077453D /* Exceptions for "MCDTask" folder in "MCDTask" target */ = {
			isa = PBXFileSystemSynchronizedBuildFileExceptionSet;
			membershipExceptions = (
				Info.plist,
			);
			target = D31145AF2E30DA700077453D /* MCDTask */;
		};
/* End PBXFileSystemSynchronizedBuildFileExceptionSet section */

/* Begin PBXFileSystemSynchronizedRootGroup section */
		D31145B22E30DA700077453D /* MCDTask */ = {
			isa = PBXFileSystemSynchronizedRootGroup;
			exceptions = (
				D31145DC2E30DA720077453D /* Exceptions for "MCDTask" folder in "MCDTask" target */,
			);
			path = MCDTask;
			sourceTree = "<group>";
		};
		D31145CD2E30DA720077453D /* MCDTaskTests */ = {
			isa = PBXFileSystemSynchronizedRootGroup;
			path = MCDTaskTests;
			sourceTree = "<group>";
		};
		D31145D72E30DA720077453D /* MCDTaskUITests */ = {
			isa = PBXFileSystemSynchronizedRootGroup;
			path = MCDTaskUITests;
			sourceTree = "<group>";
		};
/* End PBXFileSystemSynchronizedRootGroup section */

/* Begin PBXFrameworksBuildPhase section */
		D31145AD2E30DA700077453D /* Frameworks */ = {
			isa = PBXFrameworksBuildPhase;
			buildActionMask = 2147483647;
			files = (
				D31146002E3201020077453D /* SDWebImage in Frameworks */,
				D3F8B1E02E32799700BCD0C1 /* SnapKit in Frameworks */,
			);
			runOnlyForDeploymentPostprocessing = 0;
		};
		D31145C72E30DA720077453D /* Frameworks */ = {
			isa = PBXFrameworksBuildPhase;
			buildActionMask = 2147483647;
			files = (
			);
			runOnlyForDeploymentPostprocessing = 0;
		};
		D31145D12E30DA720077453D /* Frameworks */ = {
			isa = PBXFrameworksBuildPhase;
			buildActionMask = 2147483647;
			files = (
			);
			runOnlyForDeploymentPostprocessing = 0;
		};
/* End PBXFrameworksBuildPhase section */

/* Begin PBXGroup section */
		D31145A72E30DA700077453D = {
			isa = PBXGroup;
			children = (
				D31145B22E30DA700077453D /* MCDTask */,
				D31145CD2E30DA720077453D /* MCDTaskTests */,
				D31145D72E30DA720077453D /* MCDTaskUITests */,
				D31145B12E30DA700077453D /* Products */,
			);
			sourceTree = "<group>";
		};
		D31145B12E30DA700077453D /* Products */ = {
			isa = PBXGroup;
			children = (
				D31145B02E30DA700077453D /* MCDTask.app */,
				D31145CA2E30DA720077453D /* MCDTaskTests.xctest */,
				D31145D42E30DA720077453D /* MCDTaskUITests.xctest */,
			);
			name = Products;
			sourceTree = "<group>";
		};
/* End PBXGroup section */

/* Begin PBXNativeTarget section */
		D31145AF2E30DA700077453D /* MCDTask */ = {
			isa = PBXNativeTarget;
			buildConfigurationList = D31145DD2E30DA720077453D /* Build configuration list for PBXNativeTarget "MCDTask" */;
			buildPhases = (
				D31145AC2E30DA700077453D /* Sources */,
				D31145AD2E30DA700077453D /* Frameworks */,
				D31145AE2E30DA700077453D /* Resources */,
			);
			buildRules = (
			);
			dependencies = (
			);
			fileSystemSynchronizedGroups = (
				D31145B22E30DA700077453D /* MCDTask */,
			);
			name = MCDTask;
			packageProductDependencies = (
				D31145FF2E3201020077453D /* SDWebImage */,
				D3F8B1DF2E32799700BCD0C1 /* SnapKit */,
			);
			productName = MCDTask;
			productReference = D31145B02E30DA700077453D /* MCDTask.app */;
			productType = "com.apple.product-type.application";
		};
		D31145C92E30DA720077453D /* MCDTaskTests */ = {
			isa = PBXNativeTarget;
			buildConfigurationList = D31145E22E30DA720077453D /* Build configuration list for PBXNativeTarget "MCDTaskTests" */;
			buildPhases = (
				D31145C62E30DA720077453D /* Sources */,
				D31145C72E30DA720077453D /* Frameworks */,
				D31145C82E30DA720077453D /* Resources */,
			);
			buildRules = (
			);
			dependencies = (
				D31145CC2E30DA720077453D /* PBXTargetDependency */,
			);
			fileSystemSynchronizedGroups = (
				D31145CD2E30DA720077453D /* MCDTaskTests */,
			);
			name = MCDTaskTests;
			packageProductDependencies = (
			);
			productName = MCDTaskTests;
			productReference = D31145CA2E30DA720077453D /* MCDTaskTests.xctest */;
			productType = "com.apple.product-type.bundle.unit-test";
		};
		D31145D32E30DA720077453D /* MCDTaskUITests */ = {
			isa = PBXNativeTarget;
			buildConfigurationList = D31145E52E30DA720077453D /* Build configuration list for PBXNativeTarget "MCDTaskUITests" */;
			buildPhases = (
				D31145D02E30DA720077453D /* Sources */,
				D31145D12E30DA720077453D /* Frameworks */,
				D31145D22E30DA720077453D /* Resources */,
			);
			buildRules = (
			);
			dependencies = (
				D31145D62E30DA720077453D /* PBXTargetDependency */,
			);
			fileSystemSynchronizedGroups = (
				D31145D72E30DA720077453D /* MCDTaskUITests */,
			);
			name = MCDTaskUITests;
			packageProductDependencies = (
			);
			productName = MCDTaskUITests;
			productReference = D31145D42E30DA720077453D /* MCDTaskUITests.xctest */;
			productType = "com.apple.product-type.bundle.ui-testing";
		};
/* End PBXNativeTarget section */

/* Begin PBXProject section */
		D31145A82E30DA700077453D /* Project object */ = {
			isa = PBXProject;
			attributes = {
				BuildIndependentTargetsInParallel = 1;
				LastSwiftUpdateCheck = 1620;
				LastUpgradeCheck = 1620;
				TargetAttributes = {
					D31145AF2E30DA700077453D = {
						CreatedOnToolsVersion = 16.2;
					};
					D31145C92E30DA720077453D = {
						CreatedOnToolsVersion = 16.2;
						TestTargetID = D31145AF2E30DA700077453D;
					};
					D31145D32E30DA720077453D = {
						CreatedOnToolsVersion = 16.2;
						TestTargetID = D31145AF2E30DA700077453D;
					};
				};
			};
			buildConfigurationList = D31145AB2E30DA700077453D /* Build configuration list for PBXProject "MCDTask" */;
			developmentRegion = en;
			hasScannedForEncodings = 0;
			knownRegions = (
				en,
				Base,
			);
			mainGroup = D31145A72E30DA700077453D;
			minimizedProjectReferenceProxies = 1;
			packageReferences = (
				D31145FE2E3201020077453D /* XCRemoteSwiftPackageReference "SDWebImage" */,
				D3F8B1DE2E32799700BCD0C1 /* XCRemoteSwiftPackageReference "SnapKit" */,
			);
			preferredProjectObjectVersion = 77;
			productRefGroup = D31145B12E30DA700077453D /* Products */;
			projectDirPath = "";
			projectRoot = "";
			targets = (
				D31145AF2E30DA700077453D /* MCDTask */,
				D31145C92E30DA720077453D /* MCDTaskTests */,
				D31145D32E30DA720077453D /* MCDTaskUITests */,
			);
		};
/* End PBXProject section */

/* Begin PBXResourcesBuildPhase section */
		D31145AE2E30DA700077453D /* Resources */ = {
			isa = PBXResourcesBuildPhase;
			buildActionMask = 2147483647;
			files = (
			);
			runOnlyForDeploymentPostprocessing = 0;
		};
		D31145C82E30DA720077453D /* Resources */ = {
			isa = PBXResourcesBuildPhase;
			buildActionMask = 2147483647;
			files = (
			);
			runOnlyForDeploymentPostprocessing = 0;
		};
		D31145D22E30DA720077453D /* Resources */ = {
			isa = PBXResourcesBuildPhase;
			buildActionMask = 2147483647;
			files = (
			);
			runOnlyForDeploymentPostprocessing = 0;
		};
/* End PBXResourcesBuildPhase section */

/* Begin PBXSourcesBuildPhase section */
		D31145AC2E30DA700077453D /* Sources */ = {
			isa = PBXSourcesBuildPhase;
			buildActionMask = 2147483647;
			files = (
			);
			runOnlyForDeploymentPostprocessing = 0;
		};
		D31145C62E30DA720077453D /* Sources */ = {
			isa = PBXSourcesBuildPhase;
			buildActionMask = 2147483647;
			files = (
			);
			runOnlyForDeploymentPostprocessing = 0;
		};
		D31145D02E30DA720077453D /* Sources */ = {
			isa = PBXSourcesBuildPhase;
			buildActionMask = 2147483647;
			files = (
			);
			runOnlyForDeploymentPostprocessing = 0;
		};
/* End PBXSourcesBuildPhase section */

/* Begin PBXTargetDependency section */
		D31145CC2E30DA720077453D /* PBXTargetDependency */ = {
			isa = PBXTargetDependency;
			target = D31145AF2E30DA700077453D /* MCDTask */;
			targetProxy = D31145CB2E30DA720077453D /* PBXContainerItemProxy */;
		};
		D31145D62E30DA720077453D /* PBXTargetDependency */ = {
			isa = PBXTargetDependency;
			target = D31145AF2E30DA700077453D /* MCDTask */;
			targetProxy = D31145D52E30DA720077453D /* PBXContainerItemProxy */;
		};
/* End PBXTargetDependency section */

/* Begin XCBuildConfiguration section */
		D31145DE2E30DA720077453D /* Debug */ = {
			isa = XCBuildConfiguration;
			buildSettings = {
				ASSETCATALOG_COMPILER_APPICON_NAME = AppIcon;
				ASSETCATALOG_COMPILER_GLOBAL_ACCENT_COLOR_NAME = AccentColor;
				CODE_SIGN_ENTITLEMENTS = MCDTask/MCDTask.entitlements;
				CODE_SIGN_STYLE = Automatic;
				CURRENT_PROJECT_VERSION = 1;
				GENERATE_INFOPLIST_FILE = YES;
				INFOPLIST_FILE = MCDTask/Info.plist;
				INFOPLIST_KEY_UIApplicationSupportsIndirectInputEvents = YES;
				INFOPLIST_KEY_UILaunchStoryboardName = LaunchScreen;
				INFOPLIST_KEY_UISupportedInterfaceOrientations_iPad = "UIInterfaceOrientationPortrait UIInterfaceOrientationPortraitUpsideDown UIInterfaceOrientationLandscapeLeft UIInterfaceOrientationLandscapeRight";
				INFOPLIST_KEY_UISupportedInterfaceOrientations_iPhone = "UIInterfaceOrientationPortrait UIInterfaceOrientationLandscapeLeft UIInterfaceOrientationLandscapeRight";
				LD_RUNPATH_SEARCH_PATHS = (
					"$(inherited)",
					"@executable_path/Frameworks",
				);
				MARKETING_VERSION = 1.0;
				PRODUCT_BUNDLE_IDENTIFIER = com.uk.motorola.MCDTask;
				PRODUCT_NAME = "$(TARGET_NAME)";
				SWIFT_EMIT_LOC_STRINGS = YES;
				SWIFT_VERSION = 5.0;
				TARGETED_DEVICE_FAMILY = "1,2";
			};
			name = Debug;
		};
		D31145DF2E30DA720077453D /* Release */ = {
			isa = XCBuildConfiguration;
			buildSettings = {
				ASSETCATALOG_COMPILER_APPICON_NAME = AppIcon;
				ASSETCATALOG_COMPILER_GLOBAL_ACCENT_COLOR_NAME = AccentColor;
				CODE_SIGN_ENTITLEMENTS = MCDTask/MCDTask.entitlements;
				CODE_SIGN_STYLE = Automatic;
				CURRENT_PROJECT_VERSION = 1;
				GENERATE_INFOPLIST_FILE = YES;
				INFOPLIST_FILE = MCDTask/Info.plist;
				INFOPLIST_KEY_UIApplicationSupportsIndirectInputEvents = YES;
				INFOPLIST_KEY_UILaunchStoryboardName = LaunchScreen;
				INFOPLIST_KEY_UISupportedInterfaceOrientations_iPad = "UIInterfaceOrientationPortrait UIInterfaceOrientationPortraitUpsideDown UIInterfaceOrientationLandscapeLeft UIInterfaceOrientationLandscapeRight";
				INFOPLIST_KEY_UISupportedInterfaceOrientations_iPhone = "UIInterfaceOrientationPortrait UIInterfaceOrientationLandscapeLeft UIInterfaceOrientationLandscapeRight";
				LD_RUNPATH_SEARCH_PATHS = (
					"$(inherited)",
					"@executable_path/Frameworks",
				);
				MARKETING_VERSION = 1.0;
				PRODUCT_BUNDLE_IDENTIFIER = com.uk.motorola.MCDTask;
				PRODUCT_NAME = "$(TARGET_NAME)";
				SWIFT_EMIT_LOC_STRINGS = YES;
				SWIFT_VERSION = 5.0;
				TARGETED_DEVICE_FAMILY = "1,2";
			};
			name = Release;
		};
		D31145E02E30DA720077453D /* Debug */ = {
			isa = XCBuildConfiguration;
			buildSettings = {
				ALWAYS_SEARCH_USER_PATHS = NO;
				ASSETCATALOG_COMPILER_GENERATE_SWIFT_ASSET_SYMBOL_EXTENSIONS = YES;
				CLANG_ANALYZER_NONNULL = YES;
				CLANG_ANALYZER_NUMBER_OBJECT_CONVERSION = YES_AGGRESSIVE;
				CLANG_CXX_LANGUAGE_STANDARD = "gnu++20";
				CLANG_ENABLE_MODULES = YES;
				CLANG_ENABLE_OBJC_ARC = YES;
				CLANG_ENABLE_OBJC_WEAK = YES;
				CLANG_WARN_BLOCK_CAPTURE_AUTORELEASING = YES;
				CLANG_WARN_BOOL_CONVERSION = YES;
				CLANG_WARN_COMMA = YES;
				CLANG_WARN_CONSTANT_CONVERSION = YES;
				CLANG_WARN_DEPRECATED_OBJC_IMPLEMENTATIONS = YES;
				CLANG_WARN_DIRECT_OBJC_ISA_USAGE = YES_ERROR;
				CLANG_WARN_DOCUMENTATION_COMMENTS = YES;
				CLANG_WARN_EMPTY_BODY = YES;
				CLANG_WARN_ENUM_CONVERSION = YES;
				CLANG_WARN_INFINITE_RECURSION = YES;
				CLANG_WARN_INT_CONVERSION = YES;
				CLANG_WARN_NON_LITERAL_NULL_CONVERSION = YES;
				CLANG_WARN_OBJC_IMPLICIT_RETAIN_SELF = YES;
				CLANG_WARN_OBJC_LITERAL_CONVERSION = YES;
				CLANG_WARN_OBJC_ROOT_CLASS = YES_ERROR;
				CLANG_WARN_QUOTED_INCLUDE_IN_FRAMEWORK_HEADER = YES;
				CLANG_WARN_RANGE_LOOP_ANALYSIS = YES;
				CLANG_WARN_STRICT_PROTOTYPES = YES;
				CLANG_WARN_SUSPICIOUS_MOVE = YES;
				CLANG_WARN_UNGUARDED_AVAILABILITY = YES_AGGRESSIVE;
				CLANG_WARN_UNREACHABLE_CODE = YES;
				CLANG_WARN__DUPLICATE_METHOD_MATCH = YES;
				COPY_PHASE_STRIP = NO;
				DEBUG_INFORMATION_FORMAT = dwarf;
				ENABLE_STRICT_OBJC_MSGSEND = YES;
				ENABLE_TESTABILITY = YES;
				ENABLE_USER_SCRIPT_SANDBOXING = YES;
				GCC_C_LANGUAGE_STANDARD = gnu17;
				GCC_DYNAMIC_NO_PIC = NO;
				GCC_NO_COMMON_BLOCKS = YES;
				GCC_OPTIMIZATION_LEVEL = 0;
				GCC_PREPROCESSOR_DEFINITIONS = (
					"DEBUG=1",
					"$(inherited)",
				);
				GCC_WARN_64_TO_32_BIT_CONVERSION = YES;
				GCC_WARN_ABOUT_RETURN_TYPE = YES_ERROR;
				GCC_WARN_UNDECLARED_SELECTOR = YES;
				GCC_WARN_UNINITIALIZED_AUTOS = YES_AGGRESSIVE;
				GCC_WARN_UNUSED_FUNCTION = YES;
				GCC_WARN_UNUSED_VARIABLE = YES;
				IPHONEOS_DEPLOYMENT_TARGET = 18.2;
				LOCALIZATION_PREFERS_STRING_CATALOGS = YES;
				MTL_ENABLE_DEBUG_INFO = INCLUDE_SOURCE;
				MTL_FAST_MATH = YES;
				ONLY_ACTIVE_ARCH = YES;
				SDKROOT = iphoneos;
				SWIFT_ACTIVE_COMPILATION_CONDITIONS = "DEBUG $(inherited)";
				SWIFT_OPTIMIZATION_LEVEL = "-Onone";
			};
			name = Debug;
		};
		D31145E12E30DA720077453D /* Release */ = {
			isa = XCBuildConfiguration;
			buildSettings = {
				ALWAYS_SEARCH_USER_PATHS = NO;
				ASSETCATALOG_COMPILER_GENERATE_SWIFT_ASSET_SYMBOL_EXTENSIONS = YES;
				CLANG_ANALYZER_NONNULL = YES;
				CLANG_ANALYZER_NUMBER_OBJECT_CONVERSION = YES_AGGRESSIVE;
				CLANG_CXX_LANGUAGE_STANDARD = "gnu++20";
				CLANG_ENABLE_MODULES = YES;
				CLANG_ENABLE_OBJC_ARC = YES;
				CLANG_ENABLE_OBJC_WEAK = YES;
				CLANG_WARN_BLOCK_CAPTURE_AUTORELEASING = YES;
				CLANG_WARN_BOOL_CONVERSION = YES;
				CLANG_WARN_COMMA = YES;
				CLANG_WARN_CONSTANT_CONVERSION = YES;
				CLANG_WARN_DEPRECATED_OBJC_IMPLEMENTATIONS = YES;
				CLANG_WARN_DIRECT_OBJC_ISA_USAGE = YES_ERROR;
				CLANG_WARN_DOCUMENTATION_COMMENTS = YES;
				CLANG_WARN_EMPTY_BODY = YES;
				CLANG_WARN_ENUM_CONVERSION = YES;
				CLANG_WARN_INFINITE_RECURSION = YES;
				CLANG_WARN_INT_CONVERSION = YES;
				CLANG_WARN_NON_LITERAL_NULL_CONVERSION = YES;
				CLANG_WARN_OBJC_IMPLICIT_RETAIN_SELF = YES;
				CLANG_WARN_OBJC_LITERAL_CONVERSION = YES;
				CLANG_WARN_OBJC_ROOT_CLASS = YES_ERROR;
				CLANG_WARN_QUOTED_INCLUDE_IN_FRAMEWORK_HEADER = YES;
				CLANG_WARN_RANGE_LOOP_ANALYSIS = YES;
				CLANG_WARN_STRICT_PROTOTYPES = YES;
				CLANG_WARN_SUSPICIOUS_MOVE = YES;
				CLANG_WARN_UNGUARDED_AVAILABILITY = YES_AGGRESSIVE;
				CLANG_WARN_UNREACHABLE_CODE = YES;
				CLANG_WARN__DUPLICATE_METHOD_MATCH = YES;
				COPY_PHASE_STRIP = NO;
				DEBUG_INFORMATION_FORMAT = "dwarf-with-dsym";
				ENABLE_NS_ASSERTIONS = NO;
				ENABLE_STRICT_OBJC_MSGSEND = YES;
				ENABLE_USER_SCRIPT_SANDBOXING = YES;
				GCC_C_LANGUAGE_STANDARD = gnu17;
				GCC_NO_COMMON_BLOCKS = YES;
				GCC_WARN_64_TO_32_BIT_CONVERSION = YES;
				GCC_WARN_ABOUT_RETURN_TYPE = YES_ERROR;
				GCC_WARN_UNDECLARED_SELECTOR = YES;
				GCC_WARN_UNINITIALIZED_AUTOS = YES_AGGRESSIVE;
				GCC_WARN_UNUSED_FUNCTION = YES;
				GCC_WARN_UNUSED_VARIABLE = YES;
				IPHONEOS_DEPLOYMENT_TARGET = 18.2;
				LOCALIZATION_PREFERS_STRING_CATALOGS = YES;
				MTL_ENABLE_DEBUG_INFO = NO;
				MTL_FAST_MATH = YES;
				SDKROOT = iphoneos;
				SWIFT_COMPILATION_MODE = wholemodule;
				VALIDATE_PRODUCT = YES;
			};
			name = Release;
		};
		D31145E32E30DA720077453D /* Debug */ = {
			isa = XCBuildConfiguration;
			buildSettings = {
				BUNDLE_LOADER = "$(TEST_HOST)";
				CODE_SIGN_STYLE = Automatic;
				CURRENT_PROJECT_VERSION = 1;
				GENERATE_INFOPLIST_FILE = YES;
				IPHONEOS_DEPLOYMENT_TARGET = 18.2;
				MARKETING_VERSION = 1.0;
				PRODUCT_BUNDLE_IDENTIFIER = com.uk.motorola.MCDTaskTests;
				PRODUCT_NAME = "$(TARGET_NAME)";
				SWIFT_EMIT_LOC_STRINGS = NO;
				SWIFT_VERSION = 5.0;
				TARGETED_DEVICE_FAMILY = "1,2";
				TEST_HOST = "$(BUILT_PRODUCTS_DIR)/MCDTask.app/$(BUNDLE_EXECUTABLE_FOLDER_PATH)/MCDTask";
			};
			name = Debug;
		};
		D31145E42E30DA720077453D /* Release */ = {
			isa = XCBuildConfiguration;
			buildSettings = {
				BUNDLE_LOADER = "$(TEST_HOST)";
				CODE_SIGN_STYLE = Automatic;
				CURRENT_PROJECT_VERSION = 1;
				GENERATE_INFOPLIST_FILE = YES;
				IPHONEOS_DEPLOYMENT_TARGET = 18.2;
				MARKETING_VERSION = 1.0;
				PRODUCT_BUNDLE_IDENTIFIER = com.uk.motorola.MCDTaskTests;
				PRODUCT_NAME = "$(TARGET_NAME)";
				SWIFT_EMIT_LOC_STRINGS = NO;
				SWIFT_VERSION = 5.0;
				TARGETED_DEVICE_FAMILY = "1,2";
				TEST_HOST = "$(BUILT_PRODUCTS_DIR)/MCDTask.app/$(BUNDLE_EXECUTABLE_FOLDER_PATH)/MCDTask";
			};
			name = Release;
		};
		D31145E62E30DA720077453D /* Debug */ = {
			isa = XCBuildConfiguration;
			buildSettings = {
				CODE_SIGN_STYLE = Automatic;
				CURRENT_PROJECT_VERSION = 1;
				GENERATE_INFOPLIST_FILE = YES;
				MARKETING_VERSION = 1.0;
				PRODUCT_BUNDLE_IDENTIFIER = com.uk.motorola.MCDTaskUITests;
				PRODUCT_NAME = "$(TARGET_NAME)";
				SWIFT_EMIT_LOC_STRINGS = NO;
				SWIFT_VERSION = 5.0;
				TARGETED_DEVICE_FAMILY = "1,2";
				TEST_TARGET_NAME = MCDTask;
			};
			name = Debug;
		};
		D31145E72E30DA720077453D /* Release */ = {
			isa = XCBuildConfiguration;
			buildSettings = {
				CODE_SIGN_STYLE = Automatic;
				CURRENT_PROJECT_VERSION = 1;
				GENERATE_INFOPLIST_FILE = YES;
				MARKETING_VERSION = 1.0;
				PRODUCT_BUNDLE_IDENTIFIER = com.uk.motorola.MCDTaskUITests;
				PRODUCT_NAME = "$(TARGET_NAME)";
				SWIFT_EMIT_LOC_STRINGS = NO;
				SWIFT_VERSION = 5.0;
				TARGETED_DEVICE_FAMILY = "1,2";
				TEST_TARGET_NAME = MCDTask;
			};
			name = Release;
		};
/* End XCBuildConfiguration section */

/* Begin XCConfigurationList section */
		D31145AB2E30DA700077453D /* Build configuration list for PBXProject "MCDTask" */ = {
			isa = XCConfigurationList;
			buildConfigurations = (
				D31145E02E30DA720077453D /* Debug */,
				D31145E12E30DA720077453D /* Release */,
			);
			defaultConfigurationIsVisible = 0;
			defaultConfigurationName = Release;
		};
		D31145DD2E30DA720077453D /* Build configuration list for PBXNativeTarget "MCDTask" */ = {
			isa = XCConfigurationList;
			buildConfigurations = (
				D31145DE2E30DA720077453D /* Debug */,
				D31145DF2E30DA720077453D /* Release */,
			);
			defaultConfigurationIsVisible = 0;
			defaultConfigurationName = Release;
		};
		D31145E22E30DA720077453D /* Build configuration list for PBXNativeTarget "MCDTaskTests" */ = {
			isa = XCConfigurationList;
			buildConfigurations = (
				D31145E32E30DA720077453D /* Debug */,
				D31145E42E30DA720077453D /* Release */,
			);
			defaultConfigurationIsVisible = 0;
			defaultConfigurationName = Release;
		};
		D31145E52E30DA720077453D /* Build configuration list for PBXNativeTarget "MCDTaskUITests" */ = {
			isa = XCConfigurationList;
			buildConfigurations = (
				D31145E62E30DA720077453D /* Debug */,
				D31145E72E30DA720077453D /* Release */,
			);
			defaultConfigurationIsVisible = 0;
			defaultConfigurationName = Release;
		};
/* End XCConfigurationList section */

/* Begin XCRemoteSwiftPackageReference section */
		D31145FE2E3201020077453D /* XCRemoteSwiftPackageReference "SDWebImage" */ = {
			isa = XCRemoteSwiftPackageReference;
			repositoryURL = "https://github.com/SDWebImage/SDWebImage.git";
			requirement = {
				kind = upToNextMajorVersion;
				minimumVersion = 5.21.1;
			};
		};
		D3F8B1DE2E32799700BCD0C1 /* XCRemoteSwiftPackageReference "SnapKit" */ = {
			isa = XCRemoteSwiftPackageReference;
			repositoryURL = "https://github.com/SnapKit/SnapKit.git";
			requirement = {
				kind = upToNextMajorVersion;
				minimumVersion = 5.7.1;
			};
		};
/* End XCRemoteSwiftPackageReference section */

/* Begin XCSwiftPackageProductDependency section */
		D31145FF2E3201020077453D /* SDWebImage */ = {
			isa = XCSwiftPackageProductDependency;
			package = D31145FE2E3201020077453D /* XCRemoteSwiftPackageReference "SDWebImage" */;
			productName = SDWebImage;
		};
		D3F8B1DF2E32799700BCD0C1 /* SnapKit */ = {
			isa = XCSwiftPackageProductDependency;
			package = D3F8B1DE2E32799700BCD0C1 /* XCRemoteSwiftPackageReference "SnapKit" */;
			productName = SnapKit;
		};
/* End XCSwiftPackageProductDependency section */
	};
	rootObject = D31145A82E30DA700077453D /* Project object */;
}
